{
  "version": "5",
  "specifiers": {
    "npm:@supabase/supabase-js@2.81.1": "2.81.1",
    "npm:zod@4.4.3": "4.4.3"
  },
  "npm": {
    "@supabase/auth-js@2.81.1": {
      "integrity": "sha512-K20GgiSm9XeRLypxYHa5UCnybWc2K0ok0HLbqCej/wRxDpJxToXNOwKt0l7nO8xI1CyQ+GrNfU6bcRzvdbeopQ==",
      "dependencies": [
        "tslib"
      ]
    },
    "@supabase/functions-js@2.81.1": {
      "integrity": "sha512-sYgSO3mlgL0NvBFS3oRfCK4OgKGQwuOWJLzfPyWg0k8MSxSFSDeN/JtrDJD5GQrxskP6c58+vUzruBJQY78AqQ==",
      "dependencies": [
        "tslib"
      ]
    },
    "@supabase/postgrest-js@2.81.1": {
      "integrity": "sha512-DePpUTAPXJyBurQ4IH2e42DWoA+/Qmr5mbgY4B6ZcxVc/ZUKfTVK31BYIFBATMApWraFc8Q/Sg+yxtfJ3E0wSg==",
      "dependencies": [
        "tslib"
      ]
    },
    "@supabase/realtime-js@2.81.1": {
      "integrity": "sha512-ViQ+Kxm8BuUP/TcYmH9tViqYKGSD1LBjdqx2p5J+47RES6c+0QHedM0PPAjthMdAHWyb2LGATE9PD2++2rO/tw==",
      "dependencies": [
        "@types/phoenix",
        "@types/ws",
        "tslib",
        "ws"
      ]
    },
    "@supabase/storage-js@2.81.1": {
      "integrity": "sha512-UNmYtjnZnhouqnbEMC1D5YJot7y0rIaZx7FG2Fv8S3hhNjcGVvO+h9We/tggi273BFkiahQPS/uRsapo1cSapw==",
      "dependencies": [
        "tslib"
      ]
    },
    "@supabase/supabase-js@2.81.1": {
      "integrity": "sha512-KSdY7xb2L0DlLmlYzIOghdw/na4gsMcqJ8u4sD6tOQJr+x3hLujU9s4R8N3ob84/1bkvpvlU5PYKa1ae+OICnw==",
      "dependencies": [
        "@supabase/auth-js",
        "@supabase/functions-js",
        "@supabase/postgrest-js",
        "@supabase/realtime-js",
        "@supabase/storage-js"
      ]
    },
    "@types/node@26.1.1": {
      "integrity": "sha512-nxAkRSVkN1Y0JC1W8ky/fTfkGsMmcrRsbx+3XoZE+rMOX71kLYTV7fLXpqud1GpbpP5TuffXFqfX7fH2GgZREw==",
      "dependencies": [
        "undici-types"
      ]
    },
    "@types/phoenix@1.6.7": {
      "integrity": "sha512-oN9ive//QSBkf19rfDv45M7eZPi0eEXylht2OLEXicu5b4KoQ1OzXIw+xDSGWxSxe1JmepRR/ZH283vsu518/Q=="
    },
    "@types/ws@8.18.1": {
      "integrity": "sha512-ThVF6DCVhA8kUGy+aazFQ4kXQ7E1Ty7A3ypFOe0IcJV8O/M511G99AW24irKrW56Wt44yG9+ij8FaqoBGkuBXg==",
      "dependencies": [
        "@types/node"
      ]
    },
    "tslib@2.8.1": {
      "integrity": "sha512-oJFu94HQb+KVduSUQL7wnpmqnfmLsOA/nAh6b6EH0wCEoK0/mPeXU6c3wKDV83MkOuHPRHtSXKKU99IBazS/2w=="
    },
    "undici-types@8.3.0": {
      "integrity": "sha512-j375ScV60dom+YkPFIfTLcOiPxkN/buHz5GobjLhixFuANaNs3C9l4GmrWqejgXWJ7BbJcFYpTEUkS1Ge8bpZQ=="
    },
    "ws@8.21.1": {
      "integrity": "sha512-+0NTnW77fFN/DjQi6k/Sq/Yvk4Sgajw7urW8V+asjXnRgDs9gyGkdb7EzgfhA4goXsRIZKE28fzIXBHEzhuiWw=="
    },
    "zod@4.4.3": {
      "integrity": "sha512-ytENFjIJFl2UwYglde2jchW2Hwm4GJFLDiSXWdTrJQBIN9Fcyp7n4DhxJEiWNAJMV1/BqWfW/kkg71UDcHJyTQ=="
    }
  },
  "workspace": {
    "dependencies": [
      "npm:@supabase/supabase-js@2.81.1",
      "npm:zod@4.4.3"
    ]
  }
}
